
Microsoft Visual Studio Solution File, Format Version 12.00
# Visual Studio Version 16
VisualStudioVersion = 16.0.29920.165
MinimumVisualStudioVersion = 10.0.40219.1
Project("{FAE04EC0-301F-11D3-BF4B-00C04F79EFBC}") = "BlablaCore", "BlablaCore\BlablaCore.csproj", "{5C7234B3-E9E8-432D-9639-8E761A2552CA}"
EndProject
Project("{2150E333-8FDC-42A3-9474-1A3956D46DE8}") = "src", "src", "{0116348A-E498-476F-899E-CA83A09708C8}"
EndProject
Global
	GlobalSection(SolutionConfigurationPlatforms) = preSolution
		Debug|Any CPU = Debug|Any CPU
		Release|Any CPU = Release|Any CPU
	EndGlobalSection
	GlobalSection(ProjectConfigurationPlatforms) = postSolution
		{5C7234B3-E9E8-432D-9639-8E761A2552CA}.Debug|Any CPU.ActiveCfg = Debug|Any CPU
		{5C7234B3-E9E8-432D-9639-8E761A2552CA}.Debug|Any CPU.Build.0 = Debug|Any CPU
		{5C7234B3-E9E8-432D-9639-8E761A2552CA}.Release|Any CPU.ActiveCfg = Release|Any CPU
		{5C7234B3-E9E8-432D-9639-8E761A2552CA}.Release|Any CPU.Build.0 = Release|Any CPU
	EndGlobalSection
	GlobalSection(SolutionProperties) = preSolution
		HideSolutionNode = FALSE
	EndGlobalSection
	GlobalSection(NestedProjects) = preSolution
		{5C7234B3-E9E8-432D-9639-8E761A2552CA} = {0116348A-E498-476F-899E-CA83A09708C8}
	EndGlobalSection
	GlobalSection(ExtensibilityGlobals) = postSolution
		SolutionGuid = {CACDBD57-C3B8-4158-BBA0-30AB9B49493C}
	EndGlobalSection
EndGlobal
